// !$*UTF8*$!
{
	archiveVersion = 1;
	classes = {
	};
	objectVersion = 56;
	objects = {

/* Begin PBXBuildFile section */
		B556DB0529B6E2C700B3DD1A /* LDSwiftEventSource in Frameworks */ = {isa = PBXBuildFile; productRef = B556DB0429B6E2C700B3DD1A /* LDSwiftEventSource */; };
		B5925E3829B6C3A9002CBC56 /* AIMEApp.swift in Sources */ = {isa = PBXBuildFile; fileRef = B5925E3729B6C3A9002CBC56 /* AIMEApp.swift */; };
		B5925E3A29B6C3A9002CBC56 /* ContentView.swift in Sources */ = {isa = PBXBuildFile; fileRef = B5925E3929B6C3A9002CBC56 /* ContentView.swift */; };
		B5925E3C29B6C3AA002CBC56 /* Assets.xcassets in Resources */ = {isa = PBXBuildFile; fileRef = B5925E3B29B6C3AA002CBC56 /* Assets.xcassets */; };
		B5925E3F29B6C3AA002CBC56 /* Preview Assets.xcassets in Resources */ = {isa = PBXBuildFile; fileRef = B5925E3E29B6C3AA002CBC56 /* Preview Assets.xcassets */; };
		B5925E4129B6C3AA002CBC56 /* Persistence.swift in Sources */ = {isa = PBXBuildFile; fileRef = B5925E4029B6C3AA002CBC56 /* Persistence.swift */; };
		B5925E4429B6C3AA002CBC56 /* AIME.xcdatamodeld in Sources */ = {isa = PBXBuildFile; fileRef = B5925E4229B6C3AA002CBC56 /* AIME.xcdatamodeld */; };
		B5925E4E29B6C3AA002CBC56 /* AIMETests.swift in Sources */ = {isa = PBXBuildFile; fileRef = B5925E4D29B6C3AA002CBC56 /* AIMETests.swift */; };
		B5925E5829B6C3AA002CBC56 /* AIMEUITests.swift in Sources */ = {isa = PBXBuildFile; fileRef = B5925E5729B6C3AA002CBC56 /* AIMEUITests.swift */; };
		B5925E5A29B6C3AB002CBC56 /* AIMEUITestsLaunchTests.swift in Sources */ = {isa = PBXBuildFile; fileRef = B5925E5929B6C3AA002CBC56 /* AIMEUITestsLaunchTests.swift */; };
		B5925E6D29B6C3C8002CBC56 /* KeyboardViewController.swift in Sources */ = {isa = PBXBuildFile; fileRef = B5925E6C29B6C3C8002CBC56 /* KeyboardViewController.swift */; };
		B5925E7129B6C3C8002CBC56 /* AIMEKeyboard.appex in Embed Foundation Extensions */ = {isa = PBXBuildFile; fileRef = B5925E6A29B6C3C8002CBC56 /* AIMEKeyboard.appex */; settings = {ATTRIBUTES = (RemoveHeadersOnCopy, ); }; };
		B5925E7A29B6CAB9002CBC56 /* OpenAICompletion.swift in Sources */ = {isa = PBXBuildFile; fileRef = B5925E7929B6CAB9002CBC56 /* OpenAICompletion.swift */; };
/* End PBXBuildFile section */

/* Begin PBXContainerItemProxy section */
		B5925E4A29B6C3AA002CBC56 /* PBXContainerItemProxy */ = {
			isa = PBXContainerItemProxy;
			containerPortal = B5925E2C29B6C3A9002CBC56 /* Project object */;
			proxyType = 1;
			remoteGlobalIDString = B5925E3329B6C3A9002CBC56;
			remoteInfo = AIME;
		};
		B5925E5429B6C3AA002CBC56 /* PBXContainerItemProxy */ = {
			isa = PBXContainerItemProxy;
			containerPortal = B5925E2C29B6C3A9002CBC56 /* Project object */;
			proxyType = 1;
			remoteGlobalIDString = B5925E3329B6C3A9002CBC56;
			remoteInfo = AIME;
		};
		B5925E6F29B6C3C8002CBC56 /* PBXContainerItemProxy */ = {
			isa = PBXContainerItemProxy;
			containerPortal = B5925E2C29B6C3A9002CBC56 /* Project object */;
			proxyType = 1;
			remoteGlobalIDString = B5925E6929B6C3C8002CBC56;
			remoteInfo = AIMEKeyboard;
		};
/* End PBXContainerItemProxy section */

/* Begin PBXCopyFilesBuildPhase section */
		B5925E7529B6C3C8002CBC56 /* Embed Foundation Extensions */ = {
			isa = PBXCopyFilesBuildPhase;
			buildActionMask = 2147483647;
			dstPath = "";
			dstSubfolderSpec = 13;
			files = (
				B5925E7129B6C3C8002CBC56 /* AIMEKeyboard.appex in Embed Foundation Extensions */,
			);
			name = "Embed Foundation Extensions";
			runOnlyForDeploymentPostprocessing = 0;
		};
/* End PBXCopyFilesBuildPhase section */

/* Begin PBXFileReference section */
		B5925E3429B6C3A9002CBC56 /* AIME.app */ = {isa = PBXFileReference; explicitFileType = wrapper.application; includeInIndex = 0; path = AIME.app; sourceTree = BUILT_PRODUCTS_DIR; };
		B5925E3729B6C3A9002CBC56 /* AIMEApp.swift */ = {isa = PBXFileReference; lastKnownFileType = sourcecode.swift; path = AIMEApp.swift; sourceTree = "<group>"; };
		B5925E3929B6C3A9002CBC56 /* ContentView.swift */ = {isa = PBXFileReference; lastKnownFileType = sourcecode.swift; path = ContentView.swift; sourceTree = "<group>"; };
		B5925E3B29B6C3AA002CBC56 /* Assets.xcassets */ = {isa = PBXFileReference; lastKnownFileType = folder.assetcatalog; path = Assets.xcassets; sourceTree = "<group>"; };
		B5925E3E29B6C3AA002CBC56 /* Preview Assets.xcassets */ = {isa = PBXFileReference; lastKnownFileType = folder.assetcatalog; path = "Preview Assets.xcassets"; sourceTree = "<group>"; };
		B5925E4029B6C3AA002CBC56 /* Persistence.swift */ = {isa = PBXFileReference; lastKnownFileType = sourcecode.swift; path = Persistence.swift; sourceTree = "<group>"; };
		B5925E4329B6C3AA002CBC56 /* AIME.xcdatamodel */ = {isa = PBXFileReference; lastKnownFileType = wrapper.xcdatamodel; path = AIME.xcdatamodel; sourceTree = "<group>"; };
		B5925E4929B6C3AA002CBC56 /* AIMETests.xctest */ = {isa = PBXFileReference; explicitFileType = wrapper.cfbundle; includeInIndex = 0; path = AIMETests.xctest; sourceTree = BUILT_PRODUCTS_DIR; };
		B5925E4D29B6C3AA002CBC56 /* AIMETests.swift */ = {isa = PBXFileReference; lastKnownFileType = sourcecode.swift; path = AIMETests.swift; sourceTree = "<group>"; };
		B5925E5329B6C3AA002CBC56 /* AIMEUITests.xctest */ = {isa = PBXFileReference; explicitFileType = wrapper.cfbundle; includeInIndex = 0; path = AIMEUITests.xctest; sourceTree = BUILT_PRODUCTS_DIR; };
		B5925E5729B6C3AA002CBC56 /* AIMEUITests.swift */ = {isa = PBXFileReference; lastKnownFileType = sourcecode.swift; path = AIMEUITests.swift; sourceTree = "<group>"; };
		B5925E5929B6C3AA002CBC56 /* AIMEUITestsLaunchTests.swift */ = {isa = PBXFileReference; lastKnownFileType = sourcecode.swift; path = AIMEUITestsLaunchTests.swift; sourceTree = "<group>"; };
		B5925E6A29B6C3C8002CBC56 /* AIMEKeyboard.appex */ = {isa = PBXFileReference; explicitFileType = "wrapper.app-extension"; includeInIndex = 0; path = AIMEKeyboard.appex; sourceTree = BUILT_PRODUCTS_DIR; };
		B5925E6C29B6C3C8002CBC56 /* KeyboardViewController.swift */ = {isa = PBXFileReference; lastKnownFileType = sourcecode.swift; path = KeyboardViewController.swift; sourceTree = "<group>"; };
		B5925E6E29B6C3C8002CBC56 /* Info.plist */ = {isa = PBXFileReference; lastKnownFileType = text.plist.xml; path = Info.plist; sourceTree = "<group>"; };
		B5925E7929B6CAB9002CBC56 /* OpenAICompletion.swift */ = {isa = PBXFileReference; lastKnownFileType = sourcecode.swift; path = OpenAICompletion.swift; sourceTree = "<group>"; };
/* End PBXFileReference section */

/* Begin PBXFrameworksBuildPhase section */
		B5925E3129B6C3A9002CBC56 /* Frameworks */ = {
			isa = PBXFrameworksBuildPhase;
			buildActionMask = 2147483647;
			files = (
				B556DB0529B6E2C700B3DD1A /* LDSwiftEventSource in Frameworks */,
			);
			runOnlyForDeploymentPostprocessing = 0;
		};
		B5925E4629B6C3AA002CBC56 /* Frameworks */ = {
			isa = PBXFrameworksBuildPhase;
			buildActionMask = 2147483647;
			files = (
			);
			runOnlyForDeploymentPostprocessing = 0;
		};
		B5925E5029B6C3AA002CBC56 /* Frameworks */ = {
			isa = PBXFrameworksBuildPhase;
			buildActionMask = 2147483647;
			files = (
			);
			runOnlyForDeploymentPostprocessing = 0;
		};
		B5925E6729B6C3C8002CBC56 /* Frameworks */ = {
			isa = PBXFrameworksBuildPhase;
			buildActionMask = 2147483647;
			files = (
			);
			runOnlyForDeploymentPostprocessing = 0;
		};
/* End PBXFrameworksBuildPhase section */

/* Begin PBXGroup section */
		B5925E2B29B6C3A9002CBC56 = {
			isa = PBXGroup;
			children = (
				B5925E3629B6C3A9002CBC56 /* AIME */,
				B5925E4C29B6C3AA002CBC56 /* AIMETests */,
				B5925E5629B6C3AA002CBC56 /* AIMEUITests */,
				B5925E6B29B6C3C8002CBC56 /* AIMEKeyboard */,
				B5925E3529B6C3A9002CBC56 /* Products */,
			);
			sourceTree = "<group>";
		};
		B5925E3529B6C3A9002CBC56 /* Products */ = {
			isa = PBXGroup;
			children = (
				B5925E3429B6C3A9002CBC56 /* AIME.app */,
				B5925E4929B6C3AA002CBC56 /* AIMETests.xctest */,
				B5925E5329B6C3AA002CBC56 /* AIMEUITests.xctest */,
				B5925E6A29B6C3C8002CBC56 /* AIMEKeyboard.appex */,
			);
			name = Products;
			sourceTree = "<group>";
		};
		B5925E3629B6C3A9002CBC56 /* AIME */ = {
			isa = PBXGroup;
			children = (
				B5925E3729B6C3A9002CBC56 /* AIMEApp.swift */,
				B5925E3929B6C3A9002CBC56 /* ContentView.swift */,
				B5925E3B29B6C3AA002CBC56 /* Assets.xcassets */,
				B5925E4029B6C3AA002CBC56 /* Persistence.swift */,
				B5925E4229B6C3AA002CBC56 /* AIME.xcdatamodeld */,
				B5925E3D29B6C3AA002CBC56 /* Preview Content */,
			);
			path = AIME;
			sourceTree = "<group>";
		};
		B5925E3D29B6C3AA002CBC56 /* Preview Content */ = {
			isa = PBXGroup;
			children = (
				B5925E3E29B6C3AA002CBC56 /* Preview Assets.xcassets */,
			);
			path = "Preview Content";
			sourceTree = "<group>";
		};
		B5925E4C29B6C3AA002CBC56 /* AIMETests */ = {
			isa = PBXGroup;
			children = (
				B5925E4D29B6C3AA002CBC56 /* AIMETests.swift */,
			);
			path = AIMETests;
			sourceTree = "<group>";
		};
		B5925E5629B6C3AA002CBC56 /* AIMEUITests */ = {
			isa = PBXGroup;
			children = (
				B5925E5729B6C3AA002CBC56 /* AIMEUITests.swift */,
				B5925E5929B6C3AA002CBC56 /* AIMEUITestsLaunchTests.swift */,
			);
			path = AIMEUITests;
			sourceTree = "<group>";
		};
		B5925E6B29B6C3C8002CBC56 /* AIMEKeyboard */ = {
			isa = PBXGroup;
			children = (
				B5925E6C29B6C3C8002CBC56 /* KeyboardViewController.swift */,
				B5925E6E29B6C3C8002CBC56 /* Info.plist */,
				B5925E7929B6CAB9002CBC56 /* OpenAICompletion.swift */,
			);
			path = AIMEKeyboard;
			sourceTree = "<group>";
		};
/* End PBXGroup section */

/* Begin PBXNativeTarget section */
		B5925E3329B6C3A9002CBC56 /* AIME */ = {
			isa = PBXNativeTarget;
			buildConfigurationList = B5925E5D29B6C3AB002CBC56 /* Build configuration list for PBXNativeTarget "AIME" */;
			buildPhases = (
				B5925E3029B6C3A9002CBC56 /* Sources */,
				B5925E3129B6C3A9002CBC56 /* Frameworks */,
				B5925E3229B6C3A9002CBC56 /* Resources */,
				B5925E7529B6C3C8002CBC56 /* Embed Foundation Extensions */,
			);
			buildRules = (
			);
			dependencies = (
				B5925E7029B6C3C8002CBC56 /* PBXTargetDependency */,
			);
			name = AIME;
			packageProductDependencies = (
				B556DB0429B6E2C700B3DD1A /* LDSwiftEventSource */,
			);
			productName = AIME;
			productReference = B5925E3429B6C3A9002CBC56 /* AIME.app */;
			productType = "com.apple.product-type.application";
		};
		B5925E4829B6C3AA002CBC56 /* AIMETests */ = {
			isa = PBXNativeTarget;
			buildConfigurationList = B5925E6029B6C3AB002CBC56 /* Build configuration list for PBXNativeTarget "AIMETests" */;
			buildPhases = (
				B5925E4529B6C3AA002CBC56 /* Sources */,
				B5925E4629B6C3AA002CBC56 /* Frameworks */,
				B5925E4729B6C3AA002CBC56 /* Resources */,
			);
			buildRules = (
			);
			dependencies = (
				B5925E4B29B6C3AA002CBC56 /* PBXTargetDependency */,
			);
			name = AIMETests;
			productName = AIMETests;
			productReference = B5925E4929B6C3AA002CBC56 /* AIMETests.xctest */;
			productType = "com.apple.product-type.bundle.unit-test";
		};
		B5925E5229B6C3AA002CBC56 /* AIMEUITests */ = {
			isa = PBXNativeTarget;
			buildConfigurationList = B5925E6329B6C3AB002CBC56 /* Build configuration list for PBXNativeTarget "AIMEUITests" */;
			buildPhases = (
				B5925E4F29B6C3AA002CBC56 /* Sources */,
				B5925E5029B6C3AA002CBC56 /* Frameworks */,
				B5925E5129B6C3AA002CBC56 /* Resources */,
			);
			buildRules = (
			);
			dependencies = (
				B5925E5529B6C3AA002CBC56 /* PBXTargetDependency */,
			);
			name = AIMEUITests;
			productName = AIMEUITests;
			productReference = B5925E5329B6C3AA002CBC56 /* AIMEUITests.xctest */;
			productType = "com.apple.product-type.bundle.ui-testing";
		};
		B5925E6929B6C3C8002CBC56 /* AIMEKeyboard */ = {
			isa = PBXNativeTarget;
			buildConfigurationList = B5925E7229B6C3C8002CBC56 /* Build configuration list for PBXNativeTarget "AIMEKeyboard" */;
			buildPhases = (
				B5925E6629B6C3C8002CBC56 /* Sources */,
				B5925E6729B6C3C8002CBC56 /* Frameworks */,
				B5925E6829B6C3C8002CBC56 /* Resources */,
			);
			buildRules = (
			);
			dependencies = (
			);
			name = AIMEKeyboard;
			productName = AIMEKeyboard;
			productReference = B5925E6A29B6C3C8002CBC56 /* AIMEKeyboard.appex */;
			productType = "com.apple.product-type.app-extension";
		};
/* End PBXNativeTarget section */

/* Begin PBXProject section */
		B5925E2C29B6C3A9002CBC56 /* Project object */ = {
			isa = PBXProject;
			attributes = {
				BuildIndependentTargetsInParallel = 1;
				LastSwiftUpdateCheck = 1400;
				LastUpgradeCheck = 1400;
				TargetAttributes = {
					B5925E3329B6C3A9002CBC56 = {
						CreatedOnToolsVersion = 14.0.1;
					};
					B5925E4829B6C3AA002CBC56 = {
						CreatedOnToolsVersion = 14.0.1;
						TestTargetID = B5925E3329B6C3A9002CBC56;
					};
					B5925E5229B6C3AA002CBC56 = {
						CreatedOnToolsVersion = 14.0.1;
						TestTargetID = B5925E3329B6C3A9002CBC56;
					};
					B5925E6929B6C3C8002CBC56 = {
						CreatedOnToolsVersion = 14.0.1;
					};
				};
			};
			buildConfigurationList = B5925E2F29B6C3A9002CBC56 /* Build configuration list for PBXProject "AIME" */;
			compatibilityVersion = "Xcode 14.0";
			developmentRegion = en;
			hasScannedForEncodings = 0;
			knownRegions = (
				en,
				Base,
			);
			mainGroup = B5925E2B29B6C3A9002CBC56;
			packageReferences = (
				B556DB0329B6E2C700B3DD1A /* XCRemoteSwiftPackageReference "swift-eventsource" */,
			);
			productRefGroup = B5925E3529B6C3A9002CBC56 /* Products */;
			projectDirPath = "";
			projectRoot = "";
			targets = (
				B5925E3329B6C3A9002CBC56 /* AIME */,
				B5925E4829B6C3AA002CBC56 /* AIMETests */,
				B5925E5229B6C3AA002CBC56 /* AIMEUITests */,
				B5925E6929B6C3C8002CBC56 /* AIMEKeyboard */,
			);
		};
/* End PBXProject section */

/* Begin PBXResourcesBuildPhase section */
		B5925E3229B6C3A9002CBC56 /* Resources */ = {
			isa = PBXResourcesBuildPhase;
			buildActionMask = 2147483647;
			files = (
				B5925E3F29B6C3AA002CBC56 /* Preview Assets.xcassets in Resources */,
				B5925E3C29B6C3AA002CBC56 /* Assets.xcassets in Resources */,
			);
			runOnlyForDeploymentPostprocessing = 0;
		};
		B5925E4729B6C3AA002CBC56 /* Resources */ = {
			isa = PBXResourcesBuildPhase;
			buildActionMask = 2147483647;
			files = (
			);
			runOnlyForDeploymentPostprocessing = 0;
		};
		B5925E5129B6C3AA002CBC56 /* Resources */ = {
			isa = PBXResourcesBuildPhase;
			buildActionMask = 2147483647;
			files = (
			);
			runOnlyForDeploymentPostprocessing = 0;
		};
		B5925E6829B6C3C8002CBC56 /* Resources */ = {
			isa = PBXResourcesBuildPhase;
			buildActionMask = 2147483647;
			files = (
			);
			runOnlyForDeploymentPostprocessing = 0;
		};
/* End PBXResourcesBuildPhase section */

/* Begin PBXSourcesBuildPhase section */
		B5925E3029B6C3A9002CBC56 /* Sources */ = {
			isa = PBXSourcesBuildPhase;
			buildActionMask = 2147483647;
			files = (
				B5925E4129B6C3AA002CBC56 /* Persistence.swift in Sources */,
				B5925E4429B6C3AA002CBC56 /* AIME.xcdatamodeld in Sources */,
				B5925E3A29B6C3A9002CBC56 /* ContentView.swift in Sources */,
				B5925E3829B6C3A9002CBC56 /* AIMEApp.swift in Sources */,
			);
			runOnlyForDeploymentPostprocessing = 0;
		};
		B5925E4529B6C3AA002CBC56 /* Sources */ = {
			isa = PBXSourcesBuildPhase;
			buildActionMask = 2147483647;
			files = (
				B5925E4E29B6C3AA002CBC56 /* AIMETests.swift in Sources */,
			);
			runOnlyForDeploymentPostprocessing = 0;
		};
		B5925E4F29B6C3AA002CBC56 /* Sources */ = {
			isa = PBXSourcesBuildPhase;
			buildActionMask = 2147483647;
			files = (
				B5925E5A29B6C3AB002CBC56 /* AIMEUITestsLaunchTests.swift in Sources */,
				B5925E5829B6C3AA002CBC56 /* AIMEUITests.swift in Sources */,
			);
			runOnlyForDeploymentPostprocessing = 0;
		};
		B5925E6629B6C3C8002CBC56 /* Sources */ = {
			isa = PBXSourcesBuildPhase;
			buildActionMask = 2147483647;
			files = (
				B5925E6D29B6C3C8002CBC56 /* KeyboardViewController.swift in Sources */,
				B5925E7A29B6CAB9002CBC56 /* OpenAICompletion.swift in Sources */,
			);
			runOnlyForDeploymentPostprocessing = 0;
		};
/* End PBXSourcesBuildPhase section */

/* Begin PBXTargetDependency section */
		B5925E4B29B6C3AA002CBC56 /* PBXTargetDependency */ = {
			isa = PBXTargetDependency;
			target = B5925E3329B6C3A9002CBC56 /* AIME */;
			targetProxy = B5925E4A29B6C3AA002CBC56 /* PBXContainerItemProxy */;
		};
		B5925E5529B6C3AA002CBC56 /* PBXTargetDependency */ = {
			isa = PBXTargetDependency;
			target = B5925E3329B6C3A9002CBC56 /* AIME */;
			targetProxy = B5925E5429B6C3AA002CBC56 /* PBXContainerItemProxy */;
		};
		B5925E7029B6C3C8002CBC56 /* PBXTargetDependency */ = {
			isa = PBXTargetDependency;
			target = B5925E6929B6C3C8002CBC56 /* AIMEKeyboard */;
			targetProxy = B5925E6F29B6C3C8002CBC56 /* PBXContainerItemProxy */;
		};
/* End PBXTargetDependency section */

/* Begin XCBuildConfiguration section */
		B5925E5B29B6C3AB002CBC56 /* Debug */ = {
			isa = XCBuildConfiguration;
			buildSettings = {
				ALWAYS_SEARCH_USER_PATHS = NO;
				CLANG_ANALYZER_NONNULL = YES;
				CLANG_ANALYZER_NUMBER_OBJECT_CONVERSION = YES_AGGRESSIVE;
				CLANG_CXX_LANGUAGE_STANDARD = "gnu++20";
				CLANG_ENABLE_MODULES = YES;
				CLANG_ENABLE_OBJC_ARC = YES;
				CLANG_ENABLE_OBJC_WEAK = YES;
				CLANG_WARN_BLOCK_CAPTURE_AUTORELEASING = YES;
				CLANG_WARN_BOOL_CONVERSION = YES;
				CLANG_WARN_COMMA = YES;
				CLANG_WARN_CONSTANT_CONVERSION = YES;
				CLANG_WARN_DEPRECATED_OBJC_IMPLEMENTATIONS = YES;
				CLANG_WARN_DIRECT_OBJC_ISA_USAGE = YES_ERROR;
				CLANG_WARN_DOCUMENTATION_COMMENTS = YES;
				CLANG_WARN_EMPTY_BODY = YES;
				CLANG_WARN_ENUM_CONVERSION = YES;
				CLANG_WARN_INFINITE_RECURSION = YES;
				CLANG_WARN_INT_CONVERSION = YES;
				CLANG_WARN_NON_LITERAL_NULL_CONVERSION = YES;
				CLANG_WARN_OBJC_IMPLICIT_RETAIN_SELF = YES;
				CLANG_WARN_OBJC_LITERAL_CONVERSION = YES;
				CLANG_WARN_OBJC_ROOT_CLASS = YES_ERROR;
				CLANG_WARN_QUOTED_INCLUDE_IN_FRAMEWORK_HEADER = YES;
				CLANG_WARN_RANGE_LOOP_ANALYSIS = YES;
				CLANG_WARN_STRICT_PROTOTYPES = YES;
				CLANG_WARN_SUSPICIOUS_MOVE = YES;
				CLANG_WARN_UNGUARDED_AVAILABILITY = YES_AGGRESSIVE;
				CLANG_WARN_UNREACHABLE_CODE = YES;
				CLANG_WARN__DUPLICATE_METHOD_MATCH = YES;
				COPY_PHASE_STRIP = NO;
				DEBUG_INFORMATION_FORMAT = dwarf;
				ENABLE_STRICT_OBJC_MSGSEND = YES;
				ENABLE_TESTABILITY = YES;
				GCC_C_LANGUAGE_STANDARD = gnu11;
				GCC_DYNAMIC_NO_PIC = NO;
				GCC_NO_COMMON_BLOCKS = YES;
				GCC_OPTIMIZATION_LEVEL = 0;
				GCC_PREPROCESSOR_DEFINITIONS = (
					"DEBUG=1",
					"$(inherited)",
				);
				GCC_WARN_64_TO_32_BIT_CONVERSION = YES;
				GCC_WARN_ABOUT_RETURN_TYPE = YES_ERROR;
				GCC_WARN_UNDECLARED_SELECTOR = YES;
				GCC_WARN_UNINITIALIZED_AUTOS = YES_AGGRESSIVE;
				GCC_WARN_UNUSED_FUNCTION = YES;
				GCC_WARN_UNUSED_VARIABLE = YES;
				IPHONEOS_DEPLOYMENT_TARGET = 16.0;
				MTL_ENABLE_DEBUG_INFO = INCLUDE_SOURCE;
				MTL_FAST_MATH = YES;
				ONLY_ACTIVE_ARCH = YES;
				SDKROOT = iphoneos;
				SWIFT_ACTIVE_COMPILATION_CONDITIONS = DEBUG;
				SWIFT_OPTIMIZATION_LEVEL = "-Onone";
			};
			name = Debug;
		};
		B5925E5C29B6C3AB002CBC56 /* Release */ = {
			isa = XCBuildConfiguration;
			buildSettings = {
				ALWAYS_SEARCH_USER_PATHS = NO;
				CLANG_ANALYZER_NONNULL = YES;
				CLANG_ANALYZER_NUMBER_OBJECT_CONVERSION = YES_AGGRESSIVE;
				CLANG_CXX_LANGUAGE_STANDARD = "gnu++20";
				CLANG_ENABLE_MODULES = YES;
				CLANG_ENABLE_OBJC_ARC = YES;
				CLANG_ENABLE_OBJC_WEAK = YES;
				CLANG_WARN_BLOCK_CAPTURE_AUTORELEASING = YES;
				CLANG_WARN_BOOL_CONVERSION = YES;
				CLANG_WARN_COMMA = YES;
				CLANG_WARN_CONSTANT_CONVERSION = YES;
				CLANG_WARN_DEPRECATED_OBJC_IMPLEMENTATIONS = YES;
				CLANG_WARN_DIRECT_OBJC_ISA_USAGE = YES_ERROR;
				CLANG_WARN_DOCUMENTATION_COMMENTS = YES;
				CLANG_WARN_EMPTY_BODY = YES;
				CLANG_WARN_ENUM_CONVERSION = YES;
				CLANG_WARN_INFINITE_RECURSION = YES;
				CLANG_WARN_INT_CONVERSION = YES;
				CLANG_WARN_NON_LITERAL_NULL_CONVERSION = YES;
				CLANG_WARN_OBJC_IMPLICIT_RETAIN_SELF = YES;
				CLANG_WARN_OBJC_LITERAL_CONVERSION = YES;
				CLANG_WARN_OBJC_ROOT_CLASS = YES_ERROR;
				CLANG_WARN_QUOTED_INCLUDE_IN_FRAMEWORK_HEADER = YES;
				CLANG_WARN_RANGE_LOOP_ANALYSIS = YES;
				CLANG_WARN_STRICT_PROTOTYPES = YES;
				CLANG_WARN_SUSPICIOUS_MOVE = YES;
				CLANG_WARN_UNGUARDED_AVAILABILITY = YES_AGGRESSIVE;
				CLANG_WARN_UNREACHABLE_CODE = YES;
				CLANG_WARN__DUPLICATE_METHOD_MATCH = YES;
				COPY_PHASE_STRIP = NO;
				DEBUG_INFORMATION_FORMAT = "dwarf-with-dsym";
				ENABLE_NS_ASSERTIONS = NO;
				ENABLE_STRICT_OBJC_MSGSEND = YES;
				GCC_C_LANGUAGE_STANDARD = gnu11;
				GCC_NO_COMMON_BLOCKS = YES;
				GCC_WARN_64_TO_32_BIT_CONVERSION = YES;
				GCC_WARN_ABOUT_RETURN_TYPE = YES_ERROR;
				GCC_WARN_UNDECLARED_SELECTOR = YES;
				GCC_WARN_UNINITIALIZED_AUTOS = YES_AGGRESSIVE;
				GCC_WARN_UNUSED_FUNCTION = YES;
				GCC_WARN_UNUSED_VARIABLE = YES;
				IPHONEOS_DEPLOYMENT_TARGET = 16.0;
				MTL_ENABLE_DEBUG_INFO = NO;
				MTL_FAST_MATH = YES;
				SDKROOT = iphoneos;
				SWIFT_COMPILATION_MODE = wholemodule;
				SWIFT_OPTIMIZATION_LEVEL = "-O";
				VALIDATE_PRODUCT = YES;
			};
			name = Release;
		};
		B5925E5E29B6C3AB002CBC56 /* Debug */ = {
			isa = XCBuildConfiguration;
			buildSettings = {
				ALWAYS_EMBED_SWIFT_STANDARD_LIBRARIES = YES;
				ASSETCATALOG_COMPILER_APPICON_NAME = AppIcon;
				ASSETCATALOG_COMPILER_GLOBAL_ACCENT_COLOR_NAME = AccentColor;
				CODE_SIGN_STYLE = Automatic;
				CURRENT_PROJECT_VERSION = 1;
				DEVELOPMENT_ASSET_PATHS = "\"AIME/Preview Content\"";
				DEVELOPMENT_TEAM = SY8Y8N4TPM;
				ENABLE_PREVIEWS = YES;
				GENERATE_INFOPLIST_FILE = YES;
				INFOPLIST_KEY_UIApplicationSceneManifest_Generation = YES;
				INFOPLIST_KEY_UIApplicationSupportsIndirectInputEvents = YES;
				INFOPLIST_KEY_UILaunchScreen_Generation = YES;
				INFOPLIST_KEY_UISupportedInterfaceOrientations_iPad = "UIInterfaceOrientationPortrait UIInterfaceOrientationPortraitUpsideDown UIInterfaceOrientationLandscapeLeft UIInterfaceOrientationLandscapeRight";
				INFOPLIST_KEY_UISupportedInterfaceOrientations_iPhone = "UIInterfaceOrientationPortrait UIInterfaceOrientationLandscapeLeft UIInterfaceOrientationLandscapeRight";
				LD_RUNPATH_SEARCH_PATHS = (
					"$(inherited)",
					"@executable_path/Frameworks",
				);
				MARKETING_VERSION = 1.0;
				PRODUCT_BUNDLE_IDENTIFIER = dev.imgg.AIME;
				PRODUCT_NAME = "$(TARGET_NAME)";
				SWIFT_EMIT_LOC_STRINGS = YES;
				SWIFT_VERSION = 5.0;
				TARGETED_DEVICE_FAMILY = "1,2";
			};
			name = Debug;
		};
		B5925E5F29B6C3AB002CBC56 /* Release */ = {
			isa = XCBuildConfiguration;
			buildSettings = {
				ALWAYS_EMBED_SWIFT_STANDARD_LIBRARIES = YES;
				ASSETCATALOG_COMPILER_APPICON_NAME = AppIcon;
				ASSETCATALOG_COMPILER_GLOBAL_ACCENT_COLOR_NAME = AccentColor;
				CODE_SIGN_STYLE = Automatic;
				CURRENT_PROJECT_VERSION = 1;
				DEVELOPMENT_ASSET_PATHS = "\"AIME/Preview Content\"";
				DEVELOPMENT_TEAM = SY8Y8N4TPM;
				ENABLE_PREVIEWS = YES;
				GENERATE_INFOPLIST_FILE = YES;
				INFOPLIST_KEY_UIApplicationSceneManifest_Generation = YES;
				INFOPLIST_KEY_UIApplicationSupportsIndirectInputEvents = YES;
				INFOPLIST_KEY_UILaunchScreen_Generation = YES;
				INFOPLIST_KEY_UISupportedInterfaceOrientations_iPad = "UIInterfaceOrientationPortrait UIInterfaceOrientationPortraitUpsideDown UIInterfaceOrientationLandscapeLeft UIInterfaceOrientationLandscapeRight";
				INFOPLIST_KEY_UISupportedInterfaceOrientations_iPhone = "UIInterfaceOrientationPortrait UIInterfaceOrientationLandscapeLeft UIInterfaceOrientationLandscapeRight";
				LD_RUNPATH_SEARCH_PATHS = (
					"$(inherited)",
					"@executable_path/Frameworks",
				);
				MARKETING_VERSION = 1.0;
				PRODUCT_BUNDLE_IDENTIFIER = dev.imgg.AIME;
				PRODUCT_NAME = "$(TARGET_NAME)";
				SWIFT_EMIT_LOC_STRINGS = YES;
				SWIFT_VERSION = 5.0;
				TARGETED_DEVICE_FAMILY = "1,2";
			};
			name = Release;
		};
		B5925E6129B6C3AB002CBC56 /* Debug */ = {
			isa = XCBuildConfiguration;
			buildSettings = {
				ALWAYS_EMBED_SWIFT_STANDARD_LIBRARIES = YES;
				BUNDLE_LOADER = "$(TEST_HOST)";
				CODE_SIGN_STYLE = Automatic;
				CURRENT_PROJECT_VERSION = 1;
				DEVELOPMENT_TEAM = SY8Y8N4TPM;
				GENERATE_INFOPLIST_FILE = YES;
				IPHONEOS_DEPLOYMENT_TARGET = 16.0;
				MARKETING_VERSION = 1.0;
				PRODUCT_BUNDLE_IDENTIFIER = dev.imgg.AIMETests;
				PRODUCT_NAME = "$(TARGET_NAME)";
				SWIFT_EMIT_LOC_STRINGS = NO;
				SWIFT_VERSION = 5.0;
				TARGETED_DEVICE_FAMILY = "1,2";
				TEST_HOST = "$(BUILT_PRODUCTS_DIR)/AIME.app/$(BUNDLE_EXECUTABLE_FOLDER_PATH)/AIME";
			};
			name = Debug;
		};
		B5925E6229B6C3AB002CBC56 /* Release */ = {
			isa = XCBuildConfiguration;
			buildSettings = {
				ALWAYS_EMBED_SWIFT_STANDARD_LIBRARIES = YES;
				BUNDLE_LOADER = "$(TEST_HOST)";
				CODE_SIGN_STYLE = Automatic;
				CURRENT_PROJECT_VERSION = 1;
				DEVELOPMENT_TEAM = SY8Y8N4TPM;
				GENERATE_INFOPLIST_FILE = YES;
				IPHONEOS_DEPLOYMENT_TARGET = 16.0;
				MARKETING_VERSION = 1.0;
				PRODUCT_BUNDLE_IDENTIFIER = dev.imgg.AIMETests;
				PRODUCT_NAME = "$(TARGET_NAME)";
				SWIFT_EMIT_LOC_STRINGS = NO;
				SWIFT_VERSION = 5.0;
				TARGETED_DEVICE_FAMILY = "1,2";
				TEST_HOST = "$(BUILT_PRODUCTS_DIR)/AIME.app/$(BUNDLE_EXECUTABLE_FOLDER_PATH)/AIME";
			};
			name = Release;
		};
		B5925E6429B6C3AB002CBC56 /* Debug */ = {
			isa = XCBuildConfiguration;
			buildSettings = {
				ALWAYS_EMBED_SWIFT_STANDARD_LIBRARIES = YES;
				CODE_SIGN_STYLE = Automatic;
				CURRENT_PROJECT_VERSION = 1;
				DEVELOPMENT_TEAM = SY8Y8N4TPM;
				GENERATE_INFOPLIST_FILE = YES;
				MARKETING_VERSION = 1.0;
				PRODUCT_BUNDLE_IDENTIFIER = dev.imgg.AIMEUITests;
				PRODUCT_NAME = "$(TARGET_NAME)";
				SWIFT_EMIT_LOC_STRINGS = NO;
				SWIFT_VERSION = 5.0;
				TARGETED_DEVICE_FAMILY = "1,2";
				TEST_TARGET_NAME = AIME;
			};
			name = Debug;
		};
		B5925E6529B6C3AB002CBC56 /* Release */ = {
			isa = XCBuildConfiguration;
			buildSettings = {
				ALWAYS_EMBED_SWIFT_STANDARD_LIBRARIES = YES;
				CODE_SIGN_STYLE = Automatic;
				CURRENT_PROJECT_VERSION = 1;
				DEVELOPMENT_TEAM = SY8Y8N4TPM;
				GENERATE_INFOPLIST_FILE = YES;
				MARKETING_VERSION = 1.0;
				PRODUCT_BUNDLE_IDENTIFIER = dev.imgg.AIMEUITests;
				PRODUCT_NAME = "$(TARGET_NAME)";
				SWIFT_EMIT_LOC_STRINGS = NO;
				SWIFT_VERSION = 5.0;
				TARGETED_DEVICE_FAMILY = "1,2";
				TEST_TARGET_NAME = AIME;
			};
			name = Release;
		};
		B5925E7329B6C3C8002CBC56 /* Debug */ = {
			isa = XCBuildConfiguration;
			buildSettings = {
				CODE_SIGN_STYLE = Automatic;
				CURRENT_PROJECT_VERSION = 1;
				DEVELOPMENT_TEAM = SY8Y8N4TPM;
				GENERATE_INFOPLIST_FILE = YES;
				INFOPLIST_FILE = AIMEKeyboard/Info.plist;
				INFOPLIST_KEY_CFBundleDisplayName = AIMEKeyboard;
				INFOPLIST_KEY_NSHumanReadableCopyright = "";
				LD_RUNPATH_SEARCH_PATHS = (
					"$(inherited)",
					"@executable_path/Frameworks",
					"@executable_path/../../Frameworks",
				);
				MARKETING_VERSION = 1.0;
				PRODUCT_BUNDLE_IDENTIFIER = dev.imgg.AIME.AIMEKeyboard;
				PRODUCT_NAME = "$(TARGET_NAME)";
				SKIP_INSTALL = YES;
				SWIFT_EMIT_LOC_STRINGS = YES;
				SWIFT_VERSION = 5.0;
				TARGETED_DEVICE_FAMILY = "1,2";
			};
			name = Debug;
		};
		B5925E7429B6C3C8002CBC56 /* Release */ = {
			isa = XCBuildConfiguration;
			buildSettings = {
				CODE_SIGN_STYLE = Automatic;
				CURRENT_PROJECT_VERSION = 1;
				DEVELOPMENT_TEAM = SY8Y8N4TPM;
				GENERATE_INFOPLIST_FILE = YES;
				INFOPLIST_FILE = AIMEKeyboard/Info.plist;
				INFOPLIST_KEY_CFBundleDisplayName = AIMEKeyboard;
				INFOPLIST_KEY_NSHumanReadableCopyright = "";
				LD_RUNPATH_SEARCH_PATHS = (
					"$(inherited)",
					"@executable_path/Frameworks",
					"@executable_path/../../Frameworks",
				);
				MARKETING_VERSION = 1.0;
				PRODUCT_BUNDLE_IDENTIFIER = dev.imgg.AIME.AIMEKeyboard;
				PRODUCT_NAME = "$(TARGET_NAME)";
				SKIP_INSTALL = YES;
				SWIFT_EMIT_LOC_STRINGS = YES;
				SWIFT_VERSION = 5.0;
				TARGETED_DEVICE_FAMILY = "1,2";
			};
			name = Release;
		};
/* End XCBuildConfiguration section */

/* Begin XCConfigurationList section */
		B5925E2F29B6C3A9002CBC56 /* Build configuration list for PBXProject "AIME" */ = {
			isa = XCConfigurationList;
			buildConfigurations = (
				B5925E5B29B6C3AB002CBC56 /* Debug */,
				B5925E5C29B6C3AB002CBC56 /* Release */,
			);
			defaultConfigurationIsVisible = 0;
			defaultConfigurationName = Release;
		};
		B5925E5D29B6C3AB002CBC56 /* Build configuration list for PBXNativeTarget "AIME" */ = {
			isa = XCConfigurationList;
			buildConfigurations = (
				B5925E5E29B6C3AB002CBC56 /* Debug */,
				B5925E5F29B6C3AB002CBC56 /* Release */,
			);
			defaultConfigurationIsVisible = 0;
			defaultConfigurationName = Release;
		};
		B5925E6029B6C3AB002CBC56 /* Build configuration list for PBXNativeTarget "AIMETests" */ = {
			isa = XCConfigurationList;
			buildConfigurations = (
				B5925E6129B6C3AB002CBC56 /* Debug */,
				B5925E6229B6C3AB002CBC56 /* Release */,
			);
			defaultConfigurationIsVisible = 0;
			defaultConfigurationName = Release;
		};
		B5925E6329B6C3AB002CBC56 /* Build configuration list for PBXNativeTarget "AIMEUITests" */ = {
			isa = XCConfigurationList;
			buildConfigurations = (
				B5925E6429B6C3AB002CBC56 /* Debug */,
				B5925E6529B6C3AB002CBC56 /* Release */,
			);
			defaultConfigurationIsVisible = 0;
			defaultConfigurationName = Release;
		};
		B5925E7229B6C3C8002CBC56 /* Build configuration list for PBXNativeTarget "AIMEKeyboard" */ = {
			isa = XCConfigurationList;
			buildConfigurations = (
				B5925E7329B6C3C8002CBC56 /* Debug */,
				B5925E7429B6C3C8002CBC56 /* Release */,
			);
			defaultConfigurationIsVisible = 0;
			defaultConfigurationName = Release;
		};
/* End XCConfigurationList section */

/* Begin XCRemoteSwiftPackageReference section */
		B556DB0329B6E2C700B3DD1A /* XCRemoteSwiftPackageReference "swift-eventsource" */ = {
			isa = XCRemoteSwiftPackageReference;
			repositoryURL = "https://github.com/LaunchDarkly/swift-eventsource.git";
			requirement = {
				kind = upToNextMajorVersion;
				minimumVersion = 3.0.0;
			};
		};
/* End XCRemoteSwiftPackageReference section */

/* Begin XCSwiftPackageProductDependency section */
		B556DB0429B6E2C700B3DD1A /* LDSwiftEventSource */ = {
			isa = XCSwiftPackageProductDependency;
			package = B556DB0329B6E2C700B3DD1A /* XCRemoteSwiftPackageReference "swift-eventsource" */;
			productName = LDSwiftEventSource;
		};
/* End XCSwiftPackageProductDependency section */

/* Begin XCVersionGroup section */
		B5925E4229B6C3AA002CBC56 /* AIME.xcdatamodeld */ = {
			isa = XCVersionGroup;
			children = (
				B5925E4329B6C3AA002CBC56 /* AIME.xcdatamodel */,
			);
			currentVersion = B5925E4329B6C3AA002CBC56 /* AIME.xcdatamodel */;
			path = AIME.xcdatamodeld;
			sourceTree = "<group>";
			versionGroupType = wrapper.xcdatamodel;
		};
/* End XCVersionGroup section */
	};
	rootObject = B5925E2C29B6C3A9002CBC56 /* Project object */;
}
